{
  "name": "nest-observe",
  "version": "0.1.0",
  "lockfileVersion": 1,
  "requires": true,
  "dependencies": {
    "@types/google-protobuf": {
      "version": "3.7.2",
      "resolved": "https://registry.npmjs.org/@types/google-protobuf/-/google-protobuf-3.7.2.tgz",
      "integrity": "sha512-ifFemzjNchFBCtHS6bZNhSZCBu7tbtOe0e8qY0z2J4HtFXmPJjm6fXSaQsTG7yhShBEZtt2oP/bkwu5k+emlkQ==",
      "dev": true
    },
    "@types/node": {
      "version": "12.7.12",
      "resolved": "https://registry.npmjs.org/@types/node/-/node-12.7.12.tgz",
      "integrity": "sha512-KPYGmfD0/b1eXurQ59fXD1GBzhSQfz6/lKBxkaHX9dKTzjXbK68Zt7yGUxUsCS1jeTy/8aL+d9JEr+S54mpkWQ==",
      "dev": true
    },
    "@types/node-fetch": {
      "version": "2.5.2",
      "resolved": "https://registry.npmjs.org/@types/node-fetch/-/node-fetch-2.5.2.tgz",
      "integrity": "sha512-djYYKmdNRSBtL1x4CiE9UJb9yZhwtI1VC+UxZD0psNznrUj80ywsxKlEGAE+QL1qvLjPbfb24VosjkYM6W4RSQ==",
      "dev": true,
      "requires": {
        "@types/node": "*"
      }
    },
    "google-protobuf": {
      "version": "3.10.0",
      "resolved": "https://registry.npmjs.org/google-protobuf/-/google-protobuf-3.10.0.tgz",
      "integrity": "sha512-d0cMO8TJ6xtB/WrVHCv5U81L2ulX+aCD58IljyAN6mHwdHHJ2jbcauX5glvivi3s3hx7EYEo7eUA9WftzamMnw=="
    },
    "node-fetch": {
      "version": "2.6.1",
      "resolved": "https://registry.npmjs.org/node-fetch/-/node-fetch-2.6.1.tgz",
      "integrity": "sha512-V4aYg89jEoVRxRb2fJdAg8FHvI7cEyYdVAh94HH0UIK8oJxUfkjlDQN9RbMx+bEjP7+ggMiFRprSti032Oipxw=="
    },
    "prettier": {
      "version": "1.18.2",
      "resolved": "https://registry.npmjs.org/prettier/-/prettier-1.18.2.tgz",
      "integrity": "sha512-OeHeMc0JhFE9idD4ZdtNibzY0+TPHSpSSb9h8FqtP+YnoZZ1sl8Vc9b1sasjfymH3SonAF4QcA2+mzHPhMvIiw==",
      "dev": true
    },
    "ts-protoc-gen": {
      "version": "0.11.0",
      "resolved": "https://registry.npmjs.org/ts-protoc-gen/-/ts-protoc-gen-0.11.0.tgz",
      "integrity": "sha512-A/TbXf7JpHGj+bfQaR8H7qfoYC8jS8OQoWBRUVSFvJspg2UFHDkuAtLne3fxXzAAQL/qUofINjZpLAOhVkKMtg==",
      "dev": true,
      "requires": {
        "google-protobuf": "^3.6.1"
      }
    },
    "uuid": {
      "version": "3.3.3",
      "resolved": "https://registry.npmjs.org/uuid/-/uuid-3.3.3.tgz",
      "integrity": "sha512-pW0No1RGHgzlpHJO1nsVrHKpOEIxkGg1xB+v0ZmdNH5OAeAwzAVrCnI2/6Mtx+Uys6iaylxa+D3g4j63IKKjSQ=="
    }
  }
}
